<?xml version="1.0" encoding="utf-8"?>
<Project ToolsVersion="4.0" xmlns="http://schemas.microsoft.com/developer/msbuild/2003">
  <ItemGroup>
    <Filter Include="소스 파일">
      <UniqueIdentifier>{4FC737F1-C7A5-4376-A066-2A32D752A2FF}</UniqueIdentifier>
      <Extensions>cpp;c;cc;cxx;def;odl;idl;hpj;bat;asm;asmx</Extensions>
    </Filter>
    <Filter Include="헤더 파일">
      <UniqueIdentifier>{93995380-89BD-4b04-88EB-625FBE52EBFB}</UniqueIdentifier>
      <Extensions>h;hh;hpp;hxx;hm;inl;inc;ipp;xsd</Extensions>
    </Filter>
    <Filter Include="리소스 파일">
      <UniqueIdentifier>{67DA6AB6-F800-4c08-8B7A-83BB121AAD01}</UniqueIdentifier>
      <Extensions>rc;ico;cur;bmp;dlg;rc2;rct;bin;rgs;gif;jpg;jpeg;jpe;resx;tiff;tif;png;wav;mfcribbon-ms</Extensions>
    </Filter>
    <Filter Include="gameNode">
      <UniqueIdentifier>{71e18ebb-4095-48a9-bf64-0101a4b28e62}</UniqueIdentifier>
    </Filter>
    <Filter Include="mainGame">
      <UniqueIdentifier>{ea4c5740-10f5-4349-8ad6-d780ce577129}</UniqueIdentifier>
    </Filter>
    <Filter Include="singletonBase">
      <UniqueIdentifier>{1352499b-c472-4ac9-85cb-71b3f3226ffd}</UniqueIdentifier>
    </Filter>
    <Filter Include="Manager">
      <UniqueIdentifier>{18fb1c79-f50b-4b9b-a264-e066d2bca54b}</UniqueIdentifier>
    </Filter>
    <Filter Include="UTIL">
      <UniqueIdentifier>{ee673918-6273-48b6-b9d8-c4d87fd95bc1}</UniqueIdentifier>
    </Filter>
    <Filter Include="image">
      <UniqueIdentifier>{c6071c33-1efa-44cc-a846-47833fbef4fe}</UniqueIdentifier>
    </Filter>
    <Filter Include="타이머">
      <UniqueIdentifier>{63bdded0-ba64-47dd-adec-960c099f3b07}</UniqueIdentifier>
    </Filter>
    <Filter Include="프로그래스바">
      <UniqueIdentifier>{dae6b3b8-16b1-4a62-aec4-1313566bf949}</UniqueIdentifier>
    </Filter>
    <Filter Include="텍스트데이터">
      <UniqueIdentifier>{00ade87a-93a8-46f2-b42b-4e1b20260dd6}</UniqueIdentifier>
    </Filter>
    <Filter Include="로딩">
      <UniqueIdentifier>{ea0a14ee-3e8e-4fb0-828a-0a99336fa05e}</UniqueIdentifier>
    </Filter>
    <Filter Include="애니메이션">
      <UniqueIdentifier>{815067c8-1852-4de4-88c6-942efbfbdbf6}</UniqueIdentifier>
    </Filter>
    <Filter Include="이펙트">
      <UniqueIdentifier>{a85304e6-b75f-4c0c-8b3c-6a086fab35f1}</UniqueIdentifier>
    </Filter>
    <Filter Include="mainGame\플레이어">
      <UniqueIdentifier>{330c31fb-11d4-4dc3-a612-1317ad6d295b}</UniqueIdentifier>
    </Filter>
    <Filter Include="mainGame\플레이어\인벤토리">
      <UniqueIdentifier>{86e3dccb-359c-4502-b48e-02482a0a0e08}</UniqueIdentifier>
    </Filter>
    <Filter Include="씬">
      <UniqueIdentifier>{9ee32368-8c7e-43ab-bf9d-5442a4c8facf}</UniqueIdentifier>
    </Filter>
    <Filter Include="농장">
      <UniqueIdentifier>{d19420c9-20f8-49e9-ae66-4f9688405578}</UniqueIdentifier>
    </Filter>
    <Filter Include="카메라">
      <UniqueIdentifier>{b8ed33a3-fc70-4077-b0a0-74ec142c10d3}</UniqueIdentifier>
    </Filter>
    <Filter Include="NPC">
      <UniqueIdentifier>{c7ddd1b9-c8cc-4ca4-83c1-5cf5274dc21b}</UniqueIdentifier>
    </Filter>
    <Filter Include="맵툴">
      <UniqueIdentifier>{1e5dcb35-9d55-46b3-a4b4-8bd3377a35e3}</UniqueIdentifier>
    </Filter>
    <Filter Include="씬\intro">
      <UniqueIdentifier>{894a3a6d-8aa4-4327-846c-c5f87ad25507}</UniqueIdentifier>
    </Filter>
    <Filter Include="씬\내땅">
      <UniqueIdentifier>{28ca7b8b-0561-437d-8807-202e269361a6}</UniqueIdentifier>
    </Filter>
    <Filter Include="커서시스템">
      <UniqueIdentifier>{1412093a-737e-491c-b001-eda129f93f57}</UniqueIdentifier>
    </Filter>
    <Filter Include="씬\동굴">
      <UniqueIdentifier>{c2b3b5a6-0423-4926-85d6-a63f14a11a4f}</UniqueIdentifier>
    </Filter>
    <Filter Include="에이스타">
      <UniqueIdentifier>{418a8004-707b-4037-9fd7-2362f7452d96}</UniqueIdentifier>
    </Filter>
    <Filter Include="mainGame\플레이어\기구">
      <UniqueIdentifier>{7c2af62c-ddd1-4370-ad7f-f6050e3a474c}</UniqueIdentifier>
    </Filter>
    <Filter Include="몬스터">
      <UniqueIdentifier>{ece483f6-ca4c-4ed5-aaa6-7ec3ea01041c}</UniqueIdentifier>
    </Filter>
    <Filter Include="씬\내땅\내집">
      <UniqueIdentifier>{5fd53391-66d8-4838-a164-2a67070fdeae}</UniqueIdentifier>
    </Filter>
    <Filter Include="아이템">
      <UniqueIdentifier>{305beadf-05b5-4437-9656-6d344e9e38e5}</UniqueIdentifier>
    </Filter>
    <Filter Include="시계">
      <UniqueIdentifier>{5fbdb7eb-ff9a-4cd9-90b1-7b292753c6de}</UniqueIdentifier>
    </Filter>
    <Filter Include="상점">
      <UniqueIdentifier>{f4c2c56a-a0e0-41c2-8b1b-73569113f8e6}</UniqueIdentifier>
    </Filter>
    <Filter Include="씬\마을">
      <UniqueIdentifier>{7703a62c-1b3a-4ce6-8391-95b76912ee5b}</UniqueIdentifier>
    </Filter>
    <Filter Include="씬\내땅\내땅시리즈">
      <UniqueIdentifier>{bf6af29f-f3b5-47d5-a145-2669b3ca1131}</UniqueIdentifier>
    </Filter>
    <Filter Include="씬\로딩씬">
      <UniqueIdentifier>{a565e8dc-69e6-4f49-81d4-ab95e408fd22}</UniqueIdentifier>
    </Filter>
  </ItemGroup>
  <ItemGroup>
    <ClInclude Include="stdafx.h">
      <Filter>헤더 파일</Filter>
    </ClInclude>
    <ClInclude Include="targetver.h">
      <Filter>헤더 파일</Filter>
    </ClInclude>
    <ClInclude Include="Resource.h">
      <Filter>헤더 파일</Filter>
    </ClInclude>
    <ClInclude Include="API_FrameWork.h">
      <Filter>헤더 파일</Filter>
    </ClInclude>
    <ClInclude Include="commonMacroFunction.h">
      <Filter>헤더 파일</Filter>
    </ClInclude>
    <ClInclude Include="gameNode.h">
      <Filter>gameNode</Filter>
    </ClInclude>
    <ClInclude Include="mainGame.h">
      <Filter>mainGame</Filter>
    </ClInclude>
    <ClInclude Include="keyManager.h">
      <Filter>Manager</Filter>
    </ClInclude>
    <ClInclude Include="singletonBase.h">
      <Filter>singletonBase</Filter>
    </ClInclude>
    <ClInclude Include="randomFunction.h">
      <Filter>헤더 파일</Filter>
    </ClInclude>
    <ClInclude Include="utils.h">
      <Filter>UTIL</Filter>
    </ClInclude>
    <ClInclude Include="image.h">
      <Filter>image</Filter>
    </ClInclude>
    <ClInclude Include="imageManager.h">
      <Filter>Manager</Filter>
    </ClInclude>
    <ClInclude Include="timer.h">
      <Filter>타이머</Filter>
    </ClInclude>
    <ClInclude Include="timeManager.h">
      <Filter>Manager</Filter>
    </ClInclude>
    <ClInclude Include="progressBar.h">
      <Filter>프로그래스바</Filter>
    </ClInclude>
    <ClInclude Include="txtData.h">
      <Filter>텍스트데이터</Filter>
    </ClInclude>
    <ClInclude Include="sceneManager.h">
      <Filter>Manager</Filter>
    </ClInclude>
    <ClInclude Include="soundManager.h">
      <Filter>Manager</Filter>
    </ClInclude>
    <ClInclude Include="loading.h">
      <Filter>로딩</Filter>
    </ClInclude>
    <ClInclude Include="animation.h">
      <Filter>애니메이션</Filter>
    </ClInclude>
    <ClInclude Include="animationManager.h">
      <Filter>Manager</Filter>
    </ClInclude>
    <ClInclude Include="effect.h">
      <Filter>이펙트</Filter>
    </ClInclude>
    <ClInclude Include="effectManager.h">
      <Filter>Manager</Filter>
    </ClInclude>
    <ClInclude Include="Player.h">
      <Filter>mainGame\플레이어</Filter>
    </ClInclude>
    <ClInclude Include="inventory.h">
      <Filter>mainGame\플레이어\인벤토리</Filter>
    </ClInclude>
    <ClInclude Include="maptool.h">
      <Filter>맵툴</Filter>
    </ClInclude>
    <ClInclude Include="cameraManager.h">
      <Filter>카메라</Filter>
    </ClInclude>
    <ClInclude Include="tileNode.h">
      <Filter>맵툴</Filter>
    </ClInclude>
    <ClInclude Include="introscene.h">
      <Filter>씬\intro</Filter>
    </ClInclude>
    <ClInclude Include="Myland.h">
      <Filter>씬\내땅</Filter>
    </ClInclude>
    <ClInclude Include="cusor.h">
      <Filter>커서시스템</Filter>
    </ClInclude>
    <ClInclude Include="MineScene.h">
      <Filter>씬\동굴</Filter>
    </ClInclude>
    <ClInclude Include="tileManager.h">
      <Filter>씬</Filter>
    </ClInclude>
    <ClInclude Include="aStarScene.h">
      <Filter>에이스타</Filter>
    </ClInclude>
    <ClInclude Include="tool.h">
      <Filter>mainGame\플레이어\기구</Filter>
    </ClInclude>
    <ClInclude Include="Monstermanager.h">
      <Filter>몬스터</Filter>
    </ClInclude>
    <ClInclude Include="rat.h">
      <Filter>몬스터</Filter>
    </ClInclude>
    <ClInclude Include="Myhouse.h">
      <Filter>씬\내땅\내집</Filter>
    </ClInclude>
    <ClInclude Include="item.h">
      <Filter>아이템</Filter>
    </ClInclude>
    <ClInclude Include="itemManager.h">
      <Filter>아이템</Filter>
    </ClInclude>
    <ClInclude Include="clock.h">
      <Filter>시계</Filter>
    </ClInclude>
    <ClInclude Include="shopscene.h">
      <Filter>상점</Filter>
    </ClInclude>
    <ClInclude Include="Town.h">
      <Filter>씬\마을</Filter>
    </ClInclude>
    <ClInclude Include="Myland1.h">
      <Filter>씬\내땅\내땅시리즈</Filter>
    </ClInclude>
    <ClInclude Include="Myland2.h">
      <Filter>씬\내땅\내땅시리즈</Filter>
    </ClInclude>
    <ClInclude Include="Myland3.h">
      <Filter>씬\내땅\내땅시리즈</Filter>
    </ClInclude>
    <ClInclude Include="town2.h">
      <Filter>씬\마을</Filter>
    </ClInclude>
    <ClInclude Include="lodingscene.h">
      <Filter>씬\로딩씬</Filter>
    </ClInclude>
  </ItemGroup>
  <ItemGroup>
    <ClCompile Include="stdafx.cpp">
      <Filter>소스 파일</Filter>
    </ClCompile>
    <ClCompile Include="winMain.cpp">
      <Filter>소스 파일</Filter>
    </ClCompile>
    <ClCompile Include="gameNode.cpp">
      <Filter>gameNode</Filter>
    </ClCompile>
    <ClCompile Include="mainGame.cpp">
      <Filter>mainGame</Filter>
    </ClCompile>
    <ClCompile Include="keyManager.cpp">
      <Filter>Manager</Filter>
    </ClCompile>
    <ClCompile Include="utils.cpp">
      <Filter>UTIL</Filter>
    </ClCompile>
    <ClCompile Include="image.cpp">
      <Filter>image</Filter>
    </ClCompile>
    <ClCompile Include="imageManager.cpp">
      <Filter>Manager</Filter>
    </ClCompile>
    <ClCompile Include="timer.cpp">
      <Filter>타이머</Filter>
    </ClCompile>
    <ClCompile Include="timeManager.cpp">
      <Filter>Manager</Filter>
    </ClCompile>
    <ClCompile Include="progressBar.cpp">
      <Filter>프로그래스바</Filter>
    </ClCompile>
    <ClCompile Include="txtData.cpp">
      <Filter>텍스트데이터</Filter>
    </ClCompile>
    <ClCompile Include="sceneManager.cpp">
      <Filter>Manager</Filter>
    </ClCompile>
    <ClCompile Include="soundManager.cpp">
      <Filter>Manager</Filter>
    </ClCompile>
    <ClCompile Include="loading.cpp">
      <Filter>로딩</Filter>
    </ClCompile>
    <ClCompile Include="animation.cpp">
      <Filter>애니메이션</Filter>
    </ClCompile>
    <ClCompile Include="animationManager.cpp">
      <Filter>Manager</Filter>
    </ClCompile>
    <ClCompile Include="effect.cpp">
      <Filter>이펙트</Filter>
    </ClCompile>
    <ClCompile Include="effectManager.cpp">
      <Filter>Manager</Filter>
    </ClCompile>
    <ClCompile Include="Player.cpp">
      <Filter>mainGame\플레이어</Filter>
    </ClCompile>
    <ClCompile Include="mainGame+img.cpp">
      <Filter>mainGame</Filter>
    </ClCompile>
    <ClCompile Include="Player+img.cpp">
      <Filter>mainGame\플레이어</Filter>
    </ClCompile>
    <ClCompile Include="inventory.cpp">
      <Filter>mainGame\플레이어\인벤토리</Filter>
    </ClCompile>
    <ClCompile Include="maptool.cpp">
      <Filter>맵툴</Filter>
    </ClCompile>
    <ClCompile Include="cameraManager.cpp">
      <Filter>카메라</Filter>
    </ClCompile>
    <ClCompile Include="introscene.cpp">
      <Filter>씬\intro</Filter>
    </ClCompile>
    <ClCompile Include="Myland.cpp">
      <Filter>씬\내땅</Filter>
    </ClCompile>
    <ClCompile Include="cusor.cpp">
      <Filter>커서시스템</Filter>
    </ClCompile>
    <ClCompile Include="MineScene.cpp">
      <Filter>씬\동굴</Filter>
    </ClCompile>
    <ClCompile Include="tileManager.cpp">
      <Filter>씬</Filter>
    </ClCompile>
    <ClCompile Include="aStarScene.cpp">
      <Filter>에이스타</Filter>
    </ClCompile>
    <ClCompile Include="tool.cpp">
      <Filter>mainGame\플레이어\기구</Filter>
    </ClCompile>
    <ClCompile Include="Monstermanager.cpp">
      <Filter>몬스터</Filter>
    </ClCompile>
    <ClCompile Include="rat.cpp">
      <Filter>몬스터</Filter>
    </ClCompile>
    <ClCompile Include="Myhouse.cpp">
      <Filter>씬\내땅\내집</Filter>
    </ClCompile>
    <ClCompile Include="item.cpp">
      <Filter>아이템</Filter>
    </ClCompile>
    <ClCompile Include="itemManager.cpp">
      <Filter>아이템</Filter>
    </ClCompile>
    <ClCompile Include="clock.cpp">
      <Filter>시계</Filter>
    </ClCompile>
    <ClCompile Include="shopscene.cpp">
      <Filter>상점</Filter>
    </ClCompile>
    <ClCompile Include="Town.cpp">
      <Filter>씬\마을</Filter>
    </ClCompile>
    <ClCompile Include="Myland1.cpp">
      <Filter>씬\내땅\내땅시리즈</Filter>
    </ClCompile>
    <ClCompile Include="Myland2.cpp">
      <Filter>씬\내땅\내땅시리즈</Filter>
    </ClCompile>
    <ClCompile Include="Myland3.cpp">
      <Filter>씬\내땅\내땅시리즈</Filter>
    </ClCompile>
    <ClCompile Include="town2.cpp">
      <Filter>씬\마을</Filter>
    </ClCompile>
    <ClCompile Include="lodingscene.cpp">
      <Filter>소스 파일</Filter>
    </ClCompile>
  </ItemGroup>
</Project>